
Microsoft Visual Studio Solution File, Format Version 12.00
# Visual Studio Version 17
VisualStudioVersion = 17.5.33502.453
MinimumVisualStudioVersion = 10.0.40219.1
Project("{FAE04EC0-301F-11D3-BF4B-00C04F79EFBC}") = "TaxRecursive", "TaxRecursive\TaxRecursive.csproj", "{A201807B-097F-478C-98DA-9B1C704B3FC8}"
EndProject
Global
	GlobalSection(SolutionConfigurationPlatforms) = preSolution
		Debug|Any CPU = Debug|Any CPU
		Release|Any CPU = Release|Any CPU
	EndGlobalSection
	GlobalSection(ProjectConfigurationPlatforms) = postSolution
		{A201807B-097F-478C-98DA-9B1C704B3FC8}.Debug|Any CPU.ActiveCfg = Debug|Any CPU
		{A201807B-097F-478C-98DA-9B1C704B3FC8}.Debug|Any CPU.Build.0 = Debug|Any CPU
		{A201807B-097F-478C-98DA-9B1C704B3FC8}.Release|Any CPU.ActiveCfg = Release|Any CPU
		{A201807B-097F-478C-98DA-9B1C704B3FC8}.Release|Any CPU.Build.0 = Release|Any CPU
	EndGlobalSection
	GlobalSection(SolutionProperties) = preSolution
		HideSolutionNode = FALSE
	EndGlobalSection
	GlobalSection(ExtensibilityGlobals) = postSolution
		SolutionGuid = {E04BD58E-89C4-4FF5-9F53-4164D89DBA68}
	EndGlobalSection
EndGlobal
